
Microsoft Visual Studio Solution File, Format Version 12.00
# Visual Studio 2013
VisualStudioVersion = 12.0.31101.0
MinimumVisualStudioVersion = 10.0.40219.1
Project("{FAE04EC0-301F-11D3-BF4B-00C04F79EFBC}") = "Photography.Web", "Photography.Web\Photography.Web.csproj", "{6B9B10B2-DF39-4B0F-BE8D-31683A9E97A4}"
EndProject
Project("{FAE04EC0-301F-11D3-BF4B-00C04F79EFBC}") = "Photography.Data", "Photography.Data\Photography.Data.csproj", "{4EA4AE93-FD6E-48D9-B2AF-A2A9D8FC615F}"
EndProject
Project("{FAE04EC0-301F-11D3-BF4B-00C04F79EFBC}") = "Photography.Models", "Photography.Models\Photography.Models.csproj", "{0964EEEF-7960-40FA-8D4E-E474D977C9B2}"
EndProject
Project("{FAE04EC0-301F-11D3-BF4B-00C04F79EFBC}") = "Photography.Common", "Photography.Common\Photography.Common.csproj", "{F7508E92-7431-4763-B983-EE24B26AB215}"
EndProject
Global
	GlobalSection(SolutionConfigurationPlatforms) = preSolution
		Debug|Any CPU = Debug|Any CPU
		Release|Any CPU = Release|Any CPU
	EndGlobalSection
	GlobalSection(ProjectConfigurationPlatforms) = postSolution
		{6B9B10B2-DF39-4B0F-BE8D-31683A9E97A4}.Debug|Any CPU.ActiveCfg = Debug|Any CPU
		{6B9B10B2-DF39-4B0F-BE8D-31683A9E97A4}.Debug|Any CPU.Build.0 = Debug|Any CPU
		{6B9B10B2-DF39-4B0F-BE8D-31683A9E97A4}.Release|Any CPU.ActiveCfg = Release|Any CPU
		{6B9B10B2-DF39-4B0F-BE8D-31683A9E97A4}.Release|Any CPU.Build.0 = Release|Any CPU
		{4EA4AE93-FD6E-48D9-B2AF-A2A9D8FC615F}.Debug|Any CPU.ActiveCfg = Debug|Any CPU
		{4EA4AE93-FD6E-48D9-B2AF-A2A9D8FC615F}.Debug|Any CPU.Build.0 = Debug|Any CPU
		{4EA4AE93-FD6E-48D9-B2AF-A2A9D8FC615F}.Release|Any CPU.ActiveCfg = Release|Any CPU
		{4EA4AE93-FD6E-48D9-B2AF-A2A9D8FC615F}.Release|Any CPU.Build.0 = Release|Any CPU
		{0964EEEF-7960-40FA-8D4E-E474D977C9B2}.Debug|Any CPU.ActiveCfg = Debug|Any CPU
		{0964EEEF-7960-40FA-8D4E-E474D977C9B2}.Debug|Any CPU.Build.0 = Debug|Any CPU
		{0964EEEF-7960-40FA-8D4E-E474D977C9B2}.Release|Any CPU.ActiveCfg = Release|Any CPU
		{0964EEEF-7960-40FA-8D4E-E474D977C9B2}.Release|Any CPU.Build.0 = Release|Any CPU
		{F7508E92-7431-4763-B983-EE24B26AB215}.Debug|Any CPU.ActiveCfg = Debug|Any CPU
		{F7508E92-7431-4763-B983-EE24B26AB215}.Debug|Any CPU.Build.0 = Debug|Any CPU
		{F7508E92-7431-4763-B983-EE24B26AB215}.Release|Any CPU.ActiveCfg = Release|Any CPU
		{F7508E92-7431-4763-B983-EE24B26AB215}.Release|Any CPU.Build.0 = Release|Any CPU
	EndGlobalSection
	GlobalSection(SolutionProperties) = preSolution
		HideSolutionNode = FALSE
	EndGlobalSection
EndGlobal
