
Microsoft Visual Studio Solution File, Format Version 12.00
# Visual Studio 14
VisualStudioVersion = 14.0.23107.0
MinimumVisualStudioVersion = 10.0.40219.1
Project("{FAE04EC0-301F-11D3-BF4B-00C04F79EFBC}") = "Blocks", "Blocks\Blocks.csproj", "{FD8A6254-4CA0-4516-A475-9E1C219ED3DA}"
EndProject
Project("{FAE04EC0-301F-11D3-BF4B-00C04F79EFBC}") = "ZigzagMatrix", "ZigzagMatrix\ZigzagMatrix.csproj", "{EAF4BF71-6C55-49C1-A207-5B6483548D33}"
EndProject
Project("{FAE04EC0-301F-11D3-BF4B-00C04F79EFBC}") = "ShortestPath", "ShortestPath\ShortestPath.csproj", "{E6D32CB4-7588-4F19-A80C-2A69923034A0}"
EndProject
Project("{FAE04EC0-301F-11D3-BF4B-00C04F79EFBC}") = "RectangleIntersection", "RectangleIntersection\RectangleIntersection.csproj", "{6D8AF9BF-6DA3-4ECE-BF90-61568DE66E64}"
EndProject
Project("{FAE04EC0-301F-11D3-BF4B-00C04F79EFBC}") = "LetterGroups", "LetterGroups\LetterGroups.csproj", "{99AA943E-4770-4EDD-8F4C-9DEE3756EEAD}"
EndProject
Project("{FAE04EC0-301F-11D3-BF4B-00C04F79EFBC}") = "LineInverter", "LineInverter\LineInverter.csproj", "{0DB44156-F2E0-42B7-8C22-0BE42F4D5A9B}"
EndProject
Project("{FAE04EC0-301F-11D3-BF4B-00C04F79EFBC}") = "Bridges", "Bridges\Bridges.csproj", "{8FE93AD9-4C80-4D42-A57D-02EAB3882320}"
EndProject
Project("{FAE04EC0-301F-11D3-BF4B-00C04F79EFBC}") = "GraphCycles", "GraphCycles\GraphCycles.csproj", "{A6C6B081-8379-44C7-BAE3-6894015B6775}"
EndProject
Global
	GlobalSection(SolutionConfigurationPlatforms) = preSolution
		Debug|Any CPU = Debug|Any CPU
		Release|Any CPU = Release|Any CPU
	EndGlobalSection
	GlobalSection(ProjectConfigurationPlatforms) = postSolution
		{FD8A6254-4CA0-4516-A475-9E1C219ED3DA}.Debug|Any CPU.ActiveCfg = Debug|Any CPU
		{FD8A6254-4CA0-4516-A475-9E1C219ED3DA}.Debug|Any CPU.Build.0 = Debug|Any CPU
		{FD8A6254-4CA0-4516-A475-9E1C219ED3DA}.Release|Any CPU.ActiveCfg = Release|Any CPU
		{FD8A6254-4CA0-4516-A475-9E1C219ED3DA}.Release|Any CPU.Build.0 = Release|Any CPU
		{EAF4BF71-6C55-49C1-A207-5B6483548D33}.Debug|Any CPU.ActiveCfg = Debug|Any CPU
		{EAF4BF71-6C55-49C1-A207-5B6483548D33}.Debug|Any CPU.Build.0 = Debug|Any CPU
		{EAF4BF71-6C55-49C1-A207-5B6483548D33}.Release|Any CPU.ActiveCfg = Release|Any CPU
		{EAF4BF71-6C55-49C1-A207-5B6483548D33}.Release|Any CPU.Build.0 = Release|Any CPU
		{E6D32CB4-7588-4F19-A80C-2A69923034A0}.Debug|Any CPU.ActiveCfg = Debug|Any CPU
		{E6D32CB4-7588-4F19-A80C-2A69923034A0}.Debug|Any CPU.Build.0 = Debug|Any CPU
		{E6D32CB4-7588-4F19-A80C-2A69923034A0}.Release|Any CPU.ActiveCfg = Release|Any CPU
		{E6D32CB4-7588-4F19-A80C-2A69923034A0}.Release|Any CPU.Build.0 = Release|Any CPU
		{6D8AF9BF-6DA3-4ECE-BF90-61568DE66E64}.Debug|Any CPU.ActiveCfg = Debug|Any CPU
		{6D8AF9BF-6DA3-4ECE-BF90-61568DE66E64}.Debug|Any CPU.Build.0 = Debug|Any CPU
		{6D8AF9BF-6DA3-4ECE-BF90-61568DE66E64}.Release|Any CPU.ActiveCfg = Release|Any CPU
		{6D8AF9BF-6DA3-4ECE-BF90-61568DE66E64}.Release|Any CPU.Build.0 = Release|Any CPU
		{99AA943E-4770-4EDD-8F4C-9DEE3756EEAD}.Debug|Any CPU.ActiveCfg = Debug|Any CPU
		{99AA943E-4770-4EDD-8F4C-9DEE3756EEAD}.Debug|Any CPU.Build.0 = Debug|Any CPU
		{99AA943E-4770-4EDD-8F4C-9DEE3756EEAD}.Release|Any CPU.ActiveCfg = Release|Any CPU
		{99AA943E-4770-4EDD-8F4C-9DEE3756EEAD}.Release|Any CPU.Build.0 = Release|Any CPU
		{0DB44156-F2E0-42B7-8C22-0BE42F4D5A9B}.Debug|Any CPU.ActiveCfg = Debug|Any CPU
		{0DB44156-F2E0-42B7-8C22-0BE42F4D5A9B}.Debug|Any CPU.Build.0 = Debug|Any CPU
		{0DB44156-F2E0-42B7-8C22-0BE42F4D5A9B}.Release|Any CPU.ActiveCfg = Release|Any CPU
		{0DB44156-F2E0-42B7-8C22-0BE42F4D5A9B}.Release|Any CPU.Build.0 = Release|Any CPU
		{8FE93AD9-4C80-4D42-A57D-02EAB3882320}.Debug|Any CPU.ActiveCfg = Debug|Any CPU
		{8FE93AD9-4C80-4D42-A57D-02EAB3882320}.Debug|Any CPU.Build.0 = Debug|Any CPU
		{8FE93AD9-4C80-4D42-A57D-02EAB3882320}.Release|Any CPU.ActiveCfg = Release|Any CPU
		{8FE93AD9-4C80-4D42-A57D-02EAB3882320}.Release|Any CPU.Build.0 = Release|Any CPU
		{A6C6B081-8379-44C7-BAE3-6894015B6775}.Debug|Any CPU.ActiveCfg = Debug|Any CPU
		{A6C6B081-8379-44C7-BAE3-6894015B6775}.Debug|Any CPU.Build.0 = Debug|Any CPU
		{A6C6B081-8379-44C7-BAE3-6894015B6775}.Release|Any CPU.ActiveCfg = Release|Any CPU
		{A6C6B081-8379-44C7-BAE3-6894015B6775}.Release|Any CPU.Build.0 = Release|Any CPU
	EndGlobalSection
	GlobalSection(SolutionProperties) = preSolution
		HideSolutionNode = FALSE
	EndGlobalSection
EndGlobal
