
Microsoft Visual Studio Solution File, Format Version 12.00
# Visual Studio 2013
VisualStudioVersion = 12.0.40629.0
MinimumVisualStudioVersion = 10.0.40219.1
Project("{FAE04EC0-301F-11D3-BF4B-00C04F79EFBC}") = "ShoppingCenter", "ShoppingCenter\ShoppingCenter.csproj", "{1BBC4388-22C4-4D4F-9F5B-C0E80982B5AF}"
EndProject
Project("{FAE04EC0-301F-11D3-BF4B-00C04F79EFBC}") = "ShoppingCenter.Tests", "ShoppingCenter.Tests\ShoppingCenter.Tests.csproj", "{F7CB1512-AA6F-48CC-B4D6-CFBF402012D2}"
EndProject
Global
	GlobalSection(SolutionConfigurationPlatforms) = preSolution
		Debug|Any CPU = Debug|Any CPU
		Release|Any CPU = Release|Any CPU
	EndGlobalSection
	GlobalSection(ProjectConfigurationPlatforms) = postSolution
		{1BBC4388-22C4-4D4F-9F5B-C0E80982B5AF}.Debug|Any CPU.ActiveCfg = Debug|Any CPU
		{1BBC4388-22C4-4D4F-9F5B-C0E80982B5AF}.Debug|Any CPU.Build.0 = Debug|Any CPU
		{1BBC4388-22C4-4D4F-9F5B-C0E80982B5AF}.Release|Any CPU.ActiveCfg = Release|Any CPU
		{1BBC4388-22C4-4D4F-9F5B-C0E80982B5AF}.Release|Any CPU.Build.0 = Release|Any CPU
		{F7CB1512-AA6F-48CC-B4D6-CFBF402012D2}.Debug|Any CPU.ActiveCfg = Debug|Any CPU
		{F7CB1512-AA6F-48CC-B4D6-CFBF402012D2}.Debug|Any CPU.Build.0 = Debug|Any CPU
		{F7CB1512-AA6F-48CC-B4D6-CFBF402012D2}.Release|Any CPU.ActiveCfg = Release|Any CPU
		{F7CB1512-AA6F-48CC-B4D6-CFBF402012D2}.Release|Any CPU.Build.0 = Release|Any CPU
	EndGlobalSection
	GlobalSection(SolutionProperties) = preSolution
		HideSolutionNode = FALSE
	EndGlobalSection
EndGlobal
