
Microsoft Visual Studio Solution File, Format Version 12.00
# Visual Studio 2013
VisualStudioVersion = 12.0.31101.0
MinimumVisualStudioVersion = 10.0.40219.1
Project("{FAE04EC0-301F-11D3-BF4B-00C04F79EFBC}") = "Trees", "Trees\Trees.csproj", "{AEBD90B3-D370-46B0-AAE7-050FDC12F640}"
EndProject
Project("{FAE04EC0-301F-11D3-BF4B-00C04F79EFBC}") = "Trees.Tests", "Trees.Tests\Trees.Tests.csproj", "{B59C7491-3848-4CF8-AADA-5D86702BBFA3}"
EndProject
Global
	GlobalSection(SolutionConfigurationPlatforms) = preSolution
		Debug|Any CPU = Debug|Any CPU
		Release|Any CPU = Release|Any CPU
	EndGlobalSection
	GlobalSection(ProjectConfigurationPlatforms) = postSolution
		{AEBD90B3-D370-46B0-AAE7-050FDC12F640}.Debug|Any CPU.ActiveCfg = Debug|Any CPU
		{AEBD90B3-D370-46B0-AAE7-050FDC12F640}.Debug|Any CPU.Build.0 = Debug|Any CPU
		{AEBD90B3-D370-46B0-AAE7-050FDC12F640}.Release|Any CPU.ActiveCfg = Release|Any CPU
		{AEBD90B3-D370-46B0-AAE7-050FDC12F640}.Release|Any CPU.Build.0 = Release|Any CPU
		{B59C7491-3848-4CF8-AADA-5D86702BBFA3}.Debug|Any CPU.ActiveCfg = Debug|Any CPU
		{B59C7491-3848-4CF8-AADA-5D86702BBFA3}.Debug|Any CPU.Build.0 = Debug|Any CPU
		{B59C7491-3848-4CF8-AADA-5D86702BBFA3}.Release|Any CPU.ActiveCfg = Release|Any CPU
		{B59C7491-3848-4CF8-AADA-5D86702BBFA3}.Release|Any CPU.Build.0 = Release|Any CPU
	EndGlobalSection
	GlobalSection(SolutionProperties) = preSolution
		HideSolutionNode = FALSE
	EndGlobalSection
EndGlobal
