
Microsoft Visual Studio Solution File, Format Version 12.00
# Visual Studio 2013
VisualStudioVersion = 12.0.30723.0
MinimumVisualStudioVersion = 10.0.40219.1
Project("{FAE04EC0-301F-11D3-BF4B-00C04F79EFBC}") = "01-SquareRoot", "01-SquareRoot\01-SquareRoot.csproj", "{253D71EC-B184-48CC-861E-8F4ADB9D42F6}"
EndProject
Project("{FAE04EC0-301F-11D3-BF4B-00C04F79EFBC}") = "02-EnterNumbers", "02-EnterNumbers\02-EnterNumbers.csproj", "{E6317EC4-5C0E-4E42-B6E5-829739CF3FD5}"
EndProject
Global
	GlobalSection(SolutionConfigurationPlatforms) = preSolution
		Debug|Any CPU = Debug|Any CPU
		Release|Any CPU = Release|Any CPU
	EndGlobalSection
	GlobalSection(ProjectConfigurationPlatforms) = postSolution
		{253D71EC-B184-48CC-861E-8F4ADB9D42F6}.Debug|Any CPU.ActiveCfg = Debug|Any CPU
		{253D71EC-B184-48CC-861E-8F4ADB9D42F6}.Debug|Any CPU.Build.0 = Debug|Any CPU
		{253D71EC-B184-48CC-861E-8F4ADB9D42F6}.Release|Any CPU.ActiveCfg = Release|Any CPU
		{253D71EC-B184-48CC-861E-8F4ADB9D42F6}.Release|Any CPU.Build.0 = Release|Any CPU
		{E6317EC4-5C0E-4E42-B6E5-829739CF3FD5}.Debug|Any CPU.ActiveCfg = Debug|Any CPU
		{E6317EC4-5C0E-4E42-B6E5-829739CF3FD5}.Debug|Any CPU.Build.0 = Debug|Any CPU
		{E6317EC4-5C0E-4E42-B6E5-829739CF3FD5}.Release|Any CPU.ActiveCfg = Release|Any CPU
		{E6317EC4-5C0E-4E42-B6E5-829739CF3FD5}.Release|Any CPU.Build.0 = Release|Any CPU
	EndGlobalSection
	GlobalSection(SolutionProperties) = preSolution
		HideSolutionNode = FALSE
	EndGlobalSection
EndGlobal
