
Microsoft Visual Studio Solution File, Format Version 12.00
# Visual Studio 2013
VisualStudioVersion = 12.0.30723.0
MinimumVisualStudioVersion = 10.0.40219.1
Project("{FAE04EC0-301F-11D3-BF4B-00C04F79EFBC}") = "05-BitArray", "05-BitArray\05-BitArray.csproj", "{66A124B0-C951-4140-83F5-72DA07B30105}"
EndProject
Project("{FAE04EC0-301F-11D3-BF4B-00C04F79EFBC}") = "04-HTMLDispatcher", "04-HTMLDispatcher\04-HTMLDispatcher.csproj", "{BCFD5CE4-A387-4D4F-822F-835D8CD83280}"
EndProject
Project("{FAE04EC0-301F-11D3-BF4B-00C04F79EFBC}") = "06-Namespaces", "06-Namespaces\06-Namespaces.csproj", "{FEDA1B6B-184C-46DC-8435-2A1296115FF5}"
EndProject
Project("{FAE04EC0-301F-11D3-BF4B-00C04F79EFBC}") = "01-Point3D", "01-Point3D\01-Point3D.csproj", "{30191C25-4F0B-4D4E-91F8-768C795A09BF}"
EndProject
Global
	GlobalSection(SolutionConfigurationPlatforms) = preSolution
		Debug|Any CPU = Debug|Any CPU
		Release|Any CPU = Release|Any CPU
	EndGlobalSection
	GlobalSection(ProjectConfigurationPlatforms) = postSolution
		{66A124B0-C951-4140-83F5-72DA07B30105}.Debug|Any CPU.ActiveCfg = Debug|Any CPU
		{66A124B0-C951-4140-83F5-72DA07B30105}.Debug|Any CPU.Build.0 = Debug|Any CPU
		{66A124B0-C951-4140-83F5-72DA07B30105}.Release|Any CPU.ActiveCfg = Release|Any CPU
		{66A124B0-C951-4140-83F5-72DA07B30105}.Release|Any CPU.Build.0 = Release|Any CPU
		{BCFD5CE4-A387-4D4F-822F-835D8CD83280}.Debug|Any CPU.ActiveCfg = Debug|Any CPU
		{BCFD5CE4-A387-4D4F-822F-835D8CD83280}.Debug|Any CPU.Build.0 = Debug|Any CPU
		{BCFD5CE4-A387-4D4F-822F-835D8CD83280}.Release|Any CPU.ActiveCfg = Release|Any CPU
		{BCFD5CE4-A387-4D4F-822F-835D8CD83280}.Release|Any CPU.Build.0 = Release|Any CPU
		{FEDA1B6B-184C-46DC-8435-2A1296115FF5}.Debug|Any CPU.ActiveCfg = Debug|Any CPU
		{FEDA1B6B-184C-46DC-8435-2A1296115FF5}.Debug|Any CPU.Build.0 = Debug|Any CPU
		{FEDA1B6B-184C-46DC-8435-2A1296115FF5}.Release|Any CPU.ActiveCfg = Release|Any CPU
		{FEDA1B6B-184C-46DC-8435-2A1296115FF5}.Release|Any CPU.Build.0 = Release|Any CPU
		{30191C25-4F0B-4D4E-91F8-768C795A09BF}.Debug|Any CPU.ActiveCfg = Debug|Any CPU
		{30191C25-4F0B-4D4E-91F8-768C795A09BF}.Debug|Any CPU.Build.0 = Debug|Any CPU
		{30191C25-4F0B-4D4E-91F8-768C795A09BF}.Release|Any CPU.ActiveCfg = Release|Any CPU
		{30191C25-4F0B-4D4E-91F8-768C795A09BF}.Release|Any CPU.Build.0 = Release|Any CPU
	EndGlobalSection
	GlobalSection(SolutionProperties) = preSolution
		HideSolutionNode = FALSE
	EndGlobalSection
EndGlobal
