
Microsoft Visual Studio Solution File, Format Version 12.00
# Visual Studio 2013
VisualStudioVersion = 12.0.30723.0
MinimumVisualStudioVersion = 10.0.40219.1
Project("{FAE04EC0-301F-11D3-BF4B-00C04F79EFBC}") = "VariableOperations", "VariableOperations\VariableOperations.csproj", "{DBC81697-E427-44AC-BA7F-1571D498D2BB}"
EndProject
Project("{FAE04EC0-301F-11D3-BF4B-00C04F79EFBC}") = "ComplexOperations", "ComplexOperations\ComplexOperations.csproj", "{9BA19F7C-DE12-4285-B976-3981DB03DF03}"
EndProject
Project("{FAE04EC0-301F-11D3-BF4B-00C04F79EFBC}") = "SortingAlgorithms", "SortingAlgorithms\SortingAlgorithms.csproj", "{CF7E0ADA-3677-4EAA-BA10-A67FF99FD67D}"
EndProject
Global
	GlobalSection(SolutionConfigurationPlatforms) = preSolution
		Debug|Any CPU = Debug|Any CPU
		Release|Any CPU = Release|Any CPU
	EndGlobalSection
	GlobalSection(ProjectConfigurationPlatforms) = postSolution
		{DBC81697-E427-44AC-BA7F-1571D498D2BB}.Debug|Any CPU.ActiveCfg = Debug|Any CPU
		{DBC81697-E427-44AC-BA7F-1571D498D2BB}.Debug|Any CPU.Build.0 = Debug|Any CPU
		{DBC81697-E427-44AC-BA7F-1571D498D2BB}.Release|Any CPU.ActiveCfg = Release|Any CPU
		{DBC81697-E427-44AC-BA7F-1571D498D2BB}.Release|Any CPU.Build.0 = Release|Any CPU
		{9BA19F7C-DE12-4285-B976-3981DB03DF03}.Debug|Any CPU.ActiveCfg = Debug|Any CPU
		{9BA19F7C-DE12-4285-B976-3981DB03DF03}.Debug|Any CPU.Build.0 = Debug|Any CPU
		{9BA19F7C-DE12-4285-B976-3981DB03DF03}.Release|Any CPU.ActiveCfg = Release|Any CPU
		{9BA19F7C-DE12-4285-B976-3981DB03DF03}.Release|Any CPU.Build.0 = Release|Any CPU
		{CF7E0ADA-3677-4EAA-BA10-A67FF99FD67D}.Debug|Any CPU.ActiveCfg = Debug|Any CPU
		{CF7E0ADA-3677-4EAA-BA10-A67FF99FD67D}.Debug|Any CPU.Build.0 = Debug|Any CPU
		{CF7E0ADA-3677-4EAA-BA10-A67FF99FD67D}.Release|Any CPU.ActiveCfg = Release|Any CPU
		{CF7E0ADA-3677-4EAA-BA10-A67FF99FD67D}.Release|Any CPU.Build.0 = Release|Any CPU
	EndGlobalSection
	GlobalSection(SolutionProperties) = preSolution
		HideSolutionNode = FALSE
	EndGlobalSection
EndGlobal
