
Microsoft Visual Studio Solution File, Format Version 12.00
# Visual Studio 2013
VisualStudioVersion = 12.0.31101.0
MinimumVisualStudioVersion = 10.0.40219.1
Project("{FAE04EC0-301F-11D3-BF4B-00C04F79EFBC}") = "GossipBook.Services", "GossipBook.Services\GossipBook.Services.csproj", "{6C5228A7-6E7E-496C-A6AE-896EE8E17F1E}"
EndProject
Project("{FAE04EC0-301F-11D3-BF4B-00C04F79EFBC}") = "GossipBook.Services.Tests", "GossipBook.Services.Tests\GossipBook.Services.Tests.csproj", "{5BBB8626-2B10-46D7-933D-FE176DE6D6C9}"
EndProject
Project("{FAE04EC0-301F-11D3-BF4B-00C04F79EFBC}") = "GossipBook.Models", "GossipBook.Models\GossipBook.Models.csproj", "{461B4F05-B86D-4DDF-8C7F-6D5F272035A4}"
EndProject
Project("{FAE04EC0-301F-11D3-BF4B-00C04F79EFBC}") = "GossipBook.Data", "GossipBook.Data\GossipBook.Data.csproj", "{BF0133B6-EE8F-436A-AF82-C0EB3D9099CA}"
EndProject
Global
	GlobalSection(SolutionConfigurationPlatforms) = preSolution
		Debug|Any CPU = Debug|Any CPU
		Release|Any CPU = Release|Any CPU
	EndGlobalSection
	GlobalSection(ProjectConfigurationPlatforms) = postSolution
		{6C5228A7-6E7E-496C-A6AE-896EE8E17F1E}.Debug|Any CPU.ActiveCfg = Debug|Any CPU
		{6C5228A7-6E7E-496C-A6AE-896EE8E17F1E}.Debug|Any CPU.Build.0 = Debug|Any CPU
		{6C5228A7-6E7E-496C-A6AE-896EE8E17F1E}.Release|Any CPU.ActiveCfg = Release|Any CPU
		{6C5228A7-6E7E-496C-A6AE-896EE8E17F1E}.Release|Any CPU.Build.0 = Release|Any CPU
		{5BBB8626-2B10-46D7-933D-FE176DE6D6C9}.Debug|Any CPU.ActiveCfg = Debug|Any CPU
		{5BBB8626-2B10-46D7-933D-FE176DE6D6C9}.Debug|Any CPU.Build.0 = Debug|Any CPU
		{5BBB8626-2B10-46D7-933D-FE176DE6D6C9}.Release|Any CPU.ActiveCfg = Release|Any CPU
		{5BBB8626-2B10-46D7-933D-FE176DE6D6C9}.Release|Any CPU.Build.0 = Release|Any CPU
		{461B4F05-B86D-4DDF-8C7F-6D5F272035A4}.Debug|Any CPU.ActiveCfg = Debug|Any CPU
		{461B4F05-B86D-4DDF-8C7F-6D5F272035A4}.Debug|Any CPU.Build.0 = Debug|Any CPU
		{461B4F05-B86D-4DDF-8C7F-6D5F272035A4}.Release|Any CPU.ActiveCfg = Release|Any CPU
		{461B4F05-B86D-4DDF-8C7F-6D5F272035A4}.Release|Any CPU.Build.0 = Release|Any CPU
		{BF0133B6-EE8F-436A-AF82-C0EB3D9099CA}.Debug|Any CPU.ActiveCfg = Debug|Any CPU
		{BF0133B6-EE8F-436A-AF82-C0EB3D9099CA}.Debug|Any CPU.Build.0 = Debug|Any CPU
		{BF0133B6-EE8F-436A-AF82-C0EB3D9099CA}.Release|Any CPU.ActiveCfg = Release|Any CPU
		{BF0133B6-EE8F-436A-AF82-C0EB3D9099CA}.Release|Any CPU.Build.0 = Release|Any CPU
	EndGlobalSection
	GlobalSection(SolutionProperties) = preSolution
		HideSolutionNode = FALSE
	EndGlobalSection
EndGlobal
