
Microsoft Visual Studio Solution File, Format Version 12.00
# Visual Studio 2013
VisualStudioVersion = 12.0.31101.0
MinimumVisualStudioVersion = 10.0.40219.1
Project("{FAE04EC0-301F-11D3-BF4B-00C04F79EFBC}") = "BugTracker.RestServices", "BugTracker.RestServices\BugTracker.RestServices.csproj", "{18AB8155-F957-4C20-A821-23426349E789}"
EndProject
Project("{FAE04EC0-301F-11D3-BF4B-00C04F79EFBC}") = "BugTracker.UnitTests", "BugTracker.UnitTests\BugTracker.UnitTests.csproj", "{C007E55D-1EB0-4421-8499-9147A6E724DF}"
EndProject
Project("{FAE04EC0-301F-11D3-BF4B-00C04F79EFBC}") = "BugTracker.IntegrationTests", "BugTracker.IntegrationTests\BugTracker.IntegrationTests.csproj", "{F18C8FD4-4691-4FE5-9810-121F13758B9B}"
EndProject
Project("{FAE04EC0-301F-11D3-BF4B-00C04F79EFBC}") = "BugTracker.Data", "BugTracker.Data\BugTracker.Data.csproj", "{AF27C9EC-A22A-467B-BB0D-78E39FEFE152}"
EndProject
Global
	GlobalSection(SolutionConfigurationPlatforms) = preSolution
		Debug|Any CPU = Debug|Any CPU
		Release|Any CPU = Release|Any CPU
	EndGlobalSection
	GlobalSection(ProjectConfigurationPlatforms) = postSolution
		{18AB8155-F957-4C20-A821-23426349E789}.Debug|Any CPU.ActiveCfg = Debug|Any CPU
		{18AB8155-F957-4C20-A821-23426349E789}.Debug|Any CPU.Build.0 = Debug|Any CPU
		{18AB8155-F957-4C20-A821-23426349E789}.Release|Any CPU.ActiveCfg = Release|Any CPU
		{18AB8155-F957-4C20-A821-23426349E789}.Release|Any CPU.Build.0 = Release|Any CPU
		{C007E55D-1EB0-4421-8499-9147A6E724DF}.Debug|Any CPU.ActiveCfg = Debug|Any CPU
		{C007E55D-1EB0-4421-8499-9147A6E724DF}.Debug|Any CPU.Build.0 = Debug|Any CPU
		{C007E55D-1EB0-4421-8499-9147A6E724DF}.Release|Any CPU.ActiveCfg = Release|Any CPU
		{C007E55D-1EB0-4421-8499-9147A6E724DF}.Release|Any CPU.Build.0 = Release|Any CPU
		{F18C8FD4-4691-4FE5-9810-121F13758B9B}.Debug|Any CPU.ActiveCfg = Debug|Any CPU
		{F18C8FD4-4691-4FE5-9810-121F13758B9B}.Debug|Any CPU.Build.0 = Debug|Any CPU
		{F18C8FD4-4691-4FE5-9810-121F13758B9B}.Release|Any CPU.ActiveCfg = Release|Any CPU
		{F18C8FD4-4691-4FE5-9810-121F13758B9B}.Release|Any CPU.Build.0 = Release|Any CPU
		{AF27C9EC-A22A-467B-BB0D-78E39FEFE152}.Debug|Any CPU.ActiveCfg = Debug|Any CPU
		{AF27C9EC-A22A-467B-BB0D-78E39FEFE152}.Debug|Any CPU.Build.0 = Debug|Any CPU
		{AF27C9EC-A22A-467B-BB0D-78E39FEFE152}.Release|Any CPU.ActiveCfg = Release|Any CPU
		{AF27C9EC-A22A-467B-BB0D-78E39FEFE152}.Release|Any CPU.Build.0 = Release|Any CPU
	EndGlobalSection
	GlobalSection(SolutionProperties) = preSolution
		HideSolutionNode = FALSE
	EndGlobalSection
EndGlobal
