
Microsoft Visual Studio Solution File, Format Version 12.00
# Visual Studio 2013
VisualStudioVersion = 12.0.31101.0
MinimumVisualStudioVersion = 10.0.40219.1
Project("{FAE04EC0-301F-11D3-BF4B-00C04F79EFBC}") = "StacksAndQueues", "StacksAndQueues\StacksAndQueues.csproj", "{68F9A1B6-90EC-40EF-ACB5-2F65D5ED1F4E}"
EndProject
Project("{FAE04EC0-301F-11D3-BF4B-00C04F79EFBC}") = "StacksAndQueues.Tests", "StacksAndQueues.Tests\StacksAndQueues.Tests.csproj", "{E565530A-AE24-4A86-A481-225DD88BE113}"
EndProject
Global
	GlobalSection(SolutionConfigurationPlatforms) = preSolution
		Debug|Any CPU = Debug|Any CPU
		Release|Any CPU = Release|Any CPU
	EndGlobalSection
	GlobalSection(ProjectConfigurationPlatforms) = postSolution
		{68F9A1B6-90EC-40EF-ACB5-2F65D5ED1F4E}.Debug|Any CPU.ActiveCfg = Debug|Any CPU
		{68F9A1B6-90EC-40EF-ACB5-2F65D5ED1F4E}.Debug|Any CPU.Build.0 = Debug|Any CPU
		{68F9A1B6-90EC-40EF-ACB5-2F65D5ED1F4E}.Release|Any CPU.ActiveCfg = Release|Any CPU
		{68F9A1B6-90EC-40EF-ACB5-2F65D5ED1F4E}.Release|Any CPU.Build.0 = Release|Any CPU
		{E565530A-AE24-4A86-A481-225DD88BE113}.Debug|Any CPU.ActiveCfg = Debug|Any CPU
		{E565530A-AE24-4A86-A481-225DD88BE113}.Debug|Any CPU.Build.0 = Debug|Any CPU
		{E565530A-AE24-4A86-A481-225DD88BE113}.Release|Any CPU.ActiveCfg = Release|Any CPU
		{E565530A-AE24-4A86-A481-225DD88BE113}.Release|Any CPU.Build.0 = Release|Any CPU
	EndGlobalSection
	GlobalSection(SolutionProperties) = preSolution
		HideSolutionNode = FALSE
	EndGlobalSection
EndGlobal
