
Microsoft Visual Studio Solution File, Format Version 12.00
# Visual Studio 2013
VisualStudioVersion = 12.0.31101.0
MinimumVisualStudioVersion = 10.0.40219.1
Project("{FAE04EC0-301F-11D3-BF4B-00C04F79EFBC}") = "MessageSharing", "MessageSharing\MessageSharing.csproj", "{0634363F-128E-41F2-94D4-A4F0CADF2C10}"
EndProject
Project("{FAE04EC0-301F-11D3-BF4B-00C04F79EFBC}") = "NonCrossingBridges", "NonCrossingBridges\NonCrossingBridges.csproj", "{8A052DB9-871E-4E78-958F-DB565F041A62}"
EndProject
Global
	GlobalSection(SolutionConfigurationPlatforms) = preSolution
		Debug|Any CPU = Debug|Any CPU
		Release|Any CPU = Release|Any CPU
	EndGlobalSection
	GlobalSection(ProjectConfigurationPlatforms) = postSolution
		{0634363F-128E-41F2-94D4-A4F0CADF2C10}.Debug|Any CPU.ActiveCfg = Debug|Any CPU
		{0634363F-128E-41F2-94D4-A4F0CADF2C10}.Debug|Any CPU.Build.0 = Debug|Any CPU
		{0634363F-128E-41F2-94D4-A4F0CADF2C10}.Release|Any CPU.ActiveCfg = Release|Any CPU
		{0634363F-128E-41F2-94D4-A4F0CADF2C10}.Release|Any CPU.Build.0 = Release|Any CPU
		{8A052DB9-871E-4E78-958F-DB565F041A62}.Debug|Any CPU.ActiveCfg = Debug|Any CPU
		{8A052DB9-871E-4E78-958F-DB565F041A62}.Debug|Any CPU.Build.0 = Debug|Any CPU
		{8A052DB9-871E-4E78-958F-DB565F041A62}.Release|Any CPU.ActiveCfg = Release|Any CPU
		{8A052DB9-871E-4E78-958F-DB565F041A62}.Release|Any CPU.Build.0 = Release|Any CPU
	EndGlobalSection
	GlobalSection(SolutionProperties) = preSolution
		HideSolutionNode = FALSE
	EndGlobalSection
EndGlobal
