
Microsoft Visual Studio Solution File, Format Version 12.00
# Visual Studio 2013
VisualStudioVersion = 12.0.40629.0
MinimumVisualStudioVersion = 10.0.40219.1
Project("{FAE04EC0-301F-11D3-BF4B-00C04F79EFBC}") = "BinomialCoefficients", "BinomialCoefficients\BinomialCoefficients.csproj", "{34FB8B07-B159-46F4-966F-8D9B45E340A3}"
EndProject
Project("{FAE04EC0-301F-11D3-BF4B-00C04F79EFBC}") = "KnapsackProblem", "KnapsackProblem\KnapsackProblem.csproj", "{05B98452-E394-47D9-94A3-C36B0BEFA88D}"
EndProject
Project("{FAE04EC0-301F-11D3-BF4B-00C04F79EFBC}") = "KnapsackProblem.Tests", "KnapsackProblem.Tests\KnapsackProblem.Tests.csproj", "{3E612A76-5B73-4FF5-9442-35223AFD9376}"
EndProject
Project("{FAE04EC0-301F-11D3-BF4B-00C04F79EFBC}") = "LongestCommonSubsequence", "LongestCommonSubsequence\LongestCommonSubsequence.csproj", "{6B50D40E-ED95-4AF2-9EBC-B91114CFD601}"
EndProject
Project("{FAE04EC0-301F-11D3-BF4B-00C04F79EFBC}") = "LongestCommonSubsequence.Tests", "LongestCommonSubsequence.Tests\LongestCommonSubsequence.Tests.csproj", "{52701C41-3C97-4C86-81F1-ED0A882C0699}"
EndProject
Project("{FAE04EC0-301F-11D3-BF4B-00C04F79EFBC}") = "LongestIncreasingSubsequence", "LongestIncreasingSubsequence\LongestIncreasingSubsequence.csproj", "{AADD67FA-1F14-4873-A5DE-DC40A01E6E27}"
EndProject
Project("{FAE04EC0-301F-11D3-BF4B-00C04F79EFBC}") = "LongestIncreasingSubsequence.Tests", "LongestIncreasingSubsequence.Tests\LongestIncreasingSubsequence.Tests.csproj", "{AF3A73C7-ADAB-44BB-9D3B-AB54F46B5E7A}"
EndProject
Project("{FAE04EC0-301F-11D3-BF4B-00C04F79EFBC}") = "LongestZigzagSubsequence", "LongestZigzagSubsequence\LongestZigzagSubsequence.csproj", "{9402E315-5A09-4EA2-B9AA-3928471DAE0A}"
EndProject
Project("{FAE04EC0-301F-11D3-BF4B-00C04F79EFBC}") = "DividingPresents", "DividingPresents\DividingPresents.csproj", "{47232C31-F8CE-4422-9D02-154891542D34}"
EndProject
Project("{FAE04EC0-301F-11D3-BF4B-00C04F79EFBC}") = "CoinSum", "CoinSum\CoinSum.csproj", "{7A1A39D2-E68B-4CEC-9ADB-5D30C5318DBA}"
EndProject
Global
	GlobalSection(SolutionConfigurationPlatforms) = preSolution
		Debug|Any CPU = Debug|Any CPU
		Release|Any CPU = Release|Any CPU
	EndGlobalSection
	GlobalSection(ProjectConfigurationPlatforms) = postSolution
		{34FB8B07-B159-46F4-966F-8D9B45E340A3}.Debug|Any CPU.ActiveCfg = Debug|Any CPU
		{34FB8B07-B159-46F4-966F-8D9B45E340A3}.Debug|Any CPU.Build.0 = Debug|Any CPU
		{34FB8B07-B159-46F4-966F-8D9B45E340A3}.Release|Any CPU.ActiveCfg = Release|Any CPU
		{34FB8B07-B159-46F4-966F-8D9B45E340A3}.Release|Any CPU.Build.0 = Release|Any CPU
		{05B98452-E394-47D9-94A3-C36B0BEFA88D}.Debug|Any CPU.ActiveCfg = Debug|Any CPU
		{05B98452-E394-47D9-94A3-C36B0BEFA88D}.Debug|Any CPU.Build.0 = Debug|Any CPU
		{05B98452-E394-47D9-94A3-C36B0BEFA88D}.Release|Any CPU.ActiveCfg = Release|Any CPU
		{05B98452-E394-47D9-94A3-C36B0BEFA88D}.Release|Any CPU.Build.0 = Release|Any CPU
		{3E612A76-5B73-4FF5-9442-35223AFD9376}.Debug|Any CPU.ActiveCfg = Debug|Any CPU
		{3E612A76-5B73-4FF5-9442-35223AFD9376}.Debug|Any CPU.Build.0 = Debug|Any CPU
		{3E612A76-5B73-4FF5-9442-35223AFD9376}.Release|Any CPU.ActiveCfg = Release|Any CPU
		{3E612A76-5B73-4FF5-9442-35223AFD9376}.Release|Any CPU.Build.0 = Release|Any CPU
		{6B50D40E-ED95-4AF2-9EBC-B91114CFD601}.Debug|Any CPU.ActiveCfg = Debug|Any CPU
		{6B50D40E-ED95-4AF2-9EBC-B91114CFD601}.Debug|Any CPU.Build.0 = Debug|Any CPU
		{6B50D40E-ED95-4AF2-9EBC-B91114CFD601}.Release|Any CPU.ActiveCfg = Release|Any CPU
		{6B50D40E-ED95-4AF2-9EBC-B91114CFD601}.Release|Any CPU.Build.0 = Release|Any CPU
		{52701C41-3C97-4C86-81F1-ED0A882C0699}.Debug|Any CPU.ActiveCfg = Debug|Any CPU
		{52701C41-3C97-4C86-81F1-ED0A882C0699}.Debug|Any CPU.Build.0 = Debug|Any CPU
		{52701C41-3C97-4C86-81F1-ED0A882C0699}.Release|Any CPU.ActiveCfg = Release|Any CPU
		{52701C41-3C97-4C86-81F1-ED0A882C0699}.Release|Any CPU.Build.0 = Release|Any CPU
		{AADD67FA-1F14-4873-A5DE-DC40A01E6E27}.Debug|Any CPU.ActiveCfg = Debug|Any CPU
		{AADD67FA-1F14-4873-A5DE-DC40A01E6E27}.Debug|Any CPU.Build.0 = Debug|Any CPU
		{AADD67FA-1F14-4873-A5DE-DC40A01E6E27}.Release|Any CPU.ActiveCfg = Release|Any CPU
		{AADD67FA-1F14-4873-A5DE-DC40A01E6E27}.Release|Any CPU.Build.0 = Release|Any CPU
		{AF3A73C7-ADAB-44BB-9D3B-AB54F46B5E7A}.Debug|Any CPU.ActiveCfg = Debug|Any CPU
		{AF3A73C7-ADAB-44BB-9D3B-AB54F46B5E7A}.Debug|Any CPU.Build.0 = Debug|Any CPU
		{AF3A73C7-ADAB-44BB-9D3B-AB54F46B5E7A}.Release|Any CPU.ActiveCfg = Release|Any CPU
		{AF3A73C7-ADAB-44BB-9D3B-AB54F46B5E7A}.Release|Any CPU.Build.0 = Release|Any CPU
		{9402E315-5A09-4EA2-B9AA-3928471DAE0A}.Debug|Any CPU.ActiveCfg = Debug|Any CPU
		{9402E315-5A09-4EA2-B9AA-3928471DAE0A}.Debug|Any CPU.Build.0 = Debug|Any CPU
		{9402E315-5A09-4EA2-B9AA-3928471DAE0A}.Release|Any CPU.ActiveCfg = Release|Any CPU
		{9402E315-5A09-4EA2-B9AA-3928471DAE0A}.Release|Any CPU.Build.0 = Release|Any CPU
		{47232C31-F8CE-4422-9D02-154891542D34}.Debug|Any CPU.ActiveCfg = Debug|Any CPU
		{47232C31-F8CE-4422-9D02-154891542D34}.Debug|Any CPU.Build.0 = Debug|Any CPU
		{47232C31-F8CE-4422-9D02-154891542D34}.Release|Any CPU.ActiveCfg = Release|Any CPU
		{47232C31-F8CE-4422-9D02-154891542D34}.Release|Any CPU.Build.0 = Release|Any CPU
		{7A1A39D2-E68B-4CEC-9ADB-5D30C5318DBA}.Debug|Any CPU.ActiveCfg = Debug|Any CPU
		{7A1A39D2-E68B-4CEC-9ADB-5D30C5318DBA}.Debug|Any CPU.Build.0 = Debug|Any CPU
		{7A1A39D2-E68B-4CEC-9ADB-5D30C5318DBA}.Release|Any CPU.ActiveCfg = Release|Any CPU
		{7A1A39D2-E68B-4CEC-9ADB-5D30C5318DBA}.Release|Any CPU.Build.0 = Release|Any CPU
	EndGlobalSection
	GlobalSection(SolutionProperties) = preSolution
		HideSolutionNode = FALSE
	EndGlobalSection
EndGlobal
