
Microsoft Visual Studio Solution File, Format Version 12.00
# Visual Studio 2013
VisualStudioVersion = 12.0.30723.0
MinimumVisualStudioVersion = 10.0.40219.1
Project("{FAE04EC0-301F-11D3-BF4B-00C04F79EFBC}") = "01-LaptopShop", "01-LaptopShop\01-LaptopShop.csproj", "{9997E06D-1AA0-42BD-921F-0C233ED5CE93}"
EndProject
Project("{FAE04EC0-301F-11D3-BF4B-00C04F79EFBC}") = "02-PcCatalogue", "02-PcCatalogue\02-PcCatalogue.csproj", "{243F0647-A1DB-42DC-AAF0-2A52678F1C8B}"
EndProject
Project("{FAE04EC0-301F-11D3-BF4B-00C04F79EFBC}") = "03-SoftUniLearningSystem", "03-SoftUniLearningSystem\03-SoftUniLearningSystem.csproj", "{98749774-0107-4FB8-B73B-FF670E5D19FB}"
EndProject
Project("{FAE04EC0-301F-11D3-BF4B-00C04F79EFBC}") = "00-Persons", "00-Persons\00-Persons.csproj", "{96A4900C-891B-408C-9400-C033BF4D5FAD}"
EndProject
Global
	GlobalSection(SolutionConfigurationPlatforms) = preSolution
		Debug|Any CPU = Debug|Any CPU
		Release|Any CPU = Release|Any CPU
	EndGlobalSection
	GlobalSection(ProjectConfigurationPlatforms) = postSolution
		{9997E06D-1AA0-42BD-921F-0C233ED5CE93}.Debug|Any CPU.ActiveCfg = Debug|Any CPU
		{9997E06D-1AA0-42BD-921F-0C233ED5CE93}.Debug|Any CPU.Build.0 = Debug|Any CPU
		{9997E06D-1AA0-42BD-921F-0C233ED5CE93}.Release|Any CPU.ActiveCfg = Release|Any CPU
		{9997E06D-1AA0-42BD-921F-0C233ED5CE93}.Release|Any CPU.Build.0 = Release|Any CPU
		{243F0647-A1DB-42DC-AAF0-2A52678F1C8B}.Debug|Any CPU.ActiveCfg = Debug|Any CPU
		{243F0647-A1DB-42DC-AAF0-2A52678F1C8B}.Debug|Any CPU.Build.0 = Debug|Any CPU
		{243F0647-A1DB-42DC-AAF0-2A52678F1C8B}.Release|Any CPU.ActiveCfg = Release|Any CPU
		{243F0647-A1DB-42DC-AAF0-2A52678F1C8B}.Release|Any CPU.Build.0 = Release|Any CPU
		{98749774-0107-4FB8-B73B-FF670E5D19FB}.Debug|Any CPU.ActiveCfg = Debug|Any CPU
		{98749774-0107-4FB8-B73B-FF670E5D19FB}.Debug|Any CPU.Build.0 = Debug|Any CPU
		{98749774-0107-4FB8-B73B-FF670E5D19FB}.Release|Any CPU.ActiveCfg = Release|Any CPU
		{98749774-0107-4FB8-B73B-FF670E5D19FB}.Release|Any CPU.Build.0 = Release|Any CPU
		{96A4900C-891B-408C-9400-C033BF4D5FAD}.Debug|Any CPU.ActiveCfg = Debug|Any CPU
		{96A4900C-891B-408C-9400-C033BF4D5FAD}.Debug|Any CPU.Build.0 = Debug|Any CPU
		{96A4900C-891B-408C-9400-C033BF4D5FAD}.Release|Any CPU.ActiveCfg = Release|Any CPU
		{96A4900C-891B-408C-9400-C033BF4D5FAD}.Release|Any CPU.Build.0 = Release|Any CPU
	EndGlobalSection
	GlobalSection(SolutionProperties) = preSolution
		HideSolutionNode = FALSE
	EndGlobalSection
EndGlobal
